// !$*UTF8*$!
{
	archiveVersion = 1;
	classes = {
	};
	objectVersion = 46;
	objects = {

/* Begin PBXBuildFile section */
		31F0ED9C0C463F509B8A9AB4 /* ViewController.m in Sources */ = {isa = PBXBuildFile; fileRef = FAA78CB33F88B15B3513E880 /* ViewController.m */; };
		619FF7AC47D22912E1262105 /* SceneDelegate.m in Sources */ = {isa = PBXBuildFile; fileRef = 41F7738AFBEB69FC58B54123 /* SceneDelegate.m */; };
		A905239A0CEC63264CA6CA73 /* Assets.xcassets in Sources */ = {isa = PBXBuildFile; fileRef = ECFC3918BD3AA74EA2031161 /* Assets.xcassets */; };
		A98A01FD965B552FE256420F /* main.m in Sources */ = {isa = PBXBuildFile; fileRef = 4709DC3AEE2F05B1213EAEF2 /* main.m */; };
		B048BE47A26BF85B680EC2E0 /* Foundation.framework in Frameworks */ = {isa = PBXBuildFile; fileRef = D8CE3656FCA2CE9919CB47A3 /* Foundation.framework */; };
		B0D4A621B889F881FED52E20 /* AppDelegate.m in Sources */ = {isa = PBXBuildFile; fileRef = F331DC2BC86D4BF1D1046401 /* AppDelegate.m */; };
		BDC6CCB52B1D50C63F026ABD /* Main.storyboard in Sources */ = {isa = PBXBuildFile; fileRef = 088D2D27C3A018267A3E1D3B /* Main.storyboard */; };
		D74ED21E2507054A87152CCB /* LaunchScreen.storyboard in Sources */ = {isa = PBXBuildFile; fileRef = 23B3A71AFE2C500488198886 /* LaunchScreen.storyboard */; };
/* End PBXBuildFile section */

/* Begin PBXFileReference section */
		088D2D27C3A018267A3E1D3B /* Main.storyboard */ = {isa = PBXFileReference; includeInIndex = 1; lastKnownFileType = file.storyboard; name = Main.storyboard; path = Base.lproj/Main.storyboard; sourceTree = "<group>"; };
		23B3A71AFE2C500488198886 /* LaunchScreen.storyboard */ = {isa = PBXFileReference; includeInIndex = 1; lastKnownFileType = file.storyboard; name = LaunchScreen.storyboard; path = Base.lproj/LaunchScreen.storyboard; sourceTree = "<group>"; };
		2B293457FBBF24E34D9BE91C /* CCCanvas.Hexagon.OC.app */ = {isa = PBXFileReference; explicitFileType = wrapper.application; includeInIndex = 0; path = CCCanvas.Hexagon.OC.app; sourceTree = BUILT_PRODUCTS_DIR; };
		41F7738AFBEB69FC58B54123 /* SceneDelegate.m */ = {isa = PBXFileReference; includeInIndex = 1; lastKnownFileType = sourcecode.c.objc; path = SceneDelegate.m; sourceTree = "<group>"; };
		4709DC3AEE2F05B1213EAEF2 /* main.m */ = {isa = PBXFileReference; includeInIndex = 1; lastKnownFileType = sourcecode.c.objc; path = main.m; sourceTree = "<group>"; };
		5C96A6CD882AEDDB375FF9F3 /* AppDelegate.h */ = {isa = PBXFileReference; includeInIndex = 1; lastKnownFileType = sourcecode.c.h; path = AppDelegate.h; sourceTree = "<group>"; };
		7CD36D4A7E2B2DDB9F5F6F49 /* SceneDelegate.h */ = {isa = PBXFileReference; includeInIndex = 1; lastKnownFileType = sourcecode.c.h; path = SceneDelegate.h; sourceTree = "<group>"; };
		91DA314935C51C6924D5869B /* ViewController.h */ = {isa = PBXFileReference; includeInIndex = 1; lastKnownFileType = sourcecode.c.h; path = ViewController.h; sourceTree = "<group>"; };
		C5E2101A28A582BD092FBB63 /* Info.plist */ = {isa = PBXFileReference; includeInIndex = 1; lastKnownFileType = text.plist.xml; path = Info.plist; sourceTree = "<group>"; };
		D8CE3656FCA2CE9919CB47A3 /* Foundation.framework */ = {isa = PBXFileReference; lastKnownFileType = wrapper.framework; name = Foundation.framework; path = Platforms/iPhoneOS.platform/Developer/SDKs/iPhoneOS14.0.sdk/System/Library/Frameworks/Foundation.framework; sourceTree = DEVELOPER_DIR; };
		ECFC3918BD3AA74EA2031161 /* Assets.xcassets */ = {isa = PBXFileReference; includeInIndex = 1; lastKnownFileType = folder.assetcatalog; path = Assets.xcassets; sourceTree = "<group>"; };
		F331DC2BC86D4BF1D1046401 /* AppDelegate.m */ = {isa = PBXFileReference; includeInIndex = 1; lastKnownFileType = sourcecode.c.objc; path = AppDelegate.m; sourceTree = "<group>"; };
		FAA78CB33F88B15B3513E880 /* ViewController.m */ = {isa = PBXFileReference; includeInIndex = 1; lastKnownFileType = sourcecode.c.objc; path = ViewController.m; sourceTree = "<group>"; };
/* End PBXFileReference section */

/* Begin PBXFrameworksBuildPhase section */
		D8181A4A357B40D7F675E289 /* Frameworks */ = {
			isa = PBXFrameworksBuildPhase;
			buildActionMask = 2147483647;
			files = (
				B048BE47A26BF85B680EC2E0 /* Foundation.framework in Frameworks */,
			);
			runOnlyForDeploymentPostprocessing = 0;
		};
/* End PBXFrameworksBuildPhase section */

/* Begin PBXGroup section */
		518E841F5376069AAC1F6972 = {
			isa = PBXGroup;
			children = (
				89F5F35900AC3C5F7E9F1286 /* Products */,
				B17F333C57CC571427C3E721 /* Frameworks */,
				D61A20BB5C904430AEA46503 /* CCCanvas.Hexagon.OC */,
			);
			sourceTree = "<group>";
		};
		89F5F35900AC3C5F7E9F1286 /* Products */ = {
			isa = PBXGroup;
			children = (
				2B293457FBBF24E34D9BE91C /* CCCanvas.Hexagon.OC.app */,
			);
			name = Products;
			sourceTree = "<group>";
		};
		95D9033FA7CE8C8DFC196274 /* iOS */ = {
			isa = PBXGroup;
			children = (
				D8CE3656FCA2CE9919CB47A3 /* Foundation.framework */,
			);
			name = iOS;
			sourceTree = "<group>";
		};
		B17F333C57CC571427C3E721 /* Frameworks */ = {
			isa = PBXGroup;
			children = (
				95D9033FA7CE8C8DFC196274 /* iOS */,
			);
			name = Frameworks;
			sourceTree = "<group>";
		};
		D61A20BB5C904430AEA46503 /* CCCanvas.Hexagon.OC */ = {
			isa = PBXGroup;
			children = (
				5C96A6CD882AEDDB375FF9F3 /* AppDelegate.h */,
				F331DC2BC86D4BF1D1046401 /* AppDelegate.m */,
				7CD36D4A7E2B2DDB9F5F6F49 /* SceneDelegate.h */,
				41F7738AFBEB69FC58B54123 /* SceneDelegate.m */,
				91DA314935C51C6924D5869B /* ViewController.h */,
				FAA78CB33F88B15B3513E880 /* ViewController.m */,
				088D2D27C3A018267A3E1D3B /* Main.storyboard */,
				ECFC3918BD3AA74EA2031161 /* Assets.xcassets */,
				23B3A71AFE2C500488198886 /* LaunchScreen.storyboard */,
				C5E2101A28A582BD092FBB63 /* Info.plist */,
				4709DC3AEE2F05B1213EAEF2 /* main.m */,
			);
			name = CCCanvas.Hexagon.OC;
			path = CCCanvas.Hexagon.OC;
			sourceTree = "<group>";
		};
/* End PBXGroup section */

/* Begin PBXNativeTarget section */
		1250CEC8E98151B965EFAD99 /* CCCanvas.Hexagon.OC */ = {
			isa = PBXNativeTarget;
			buildConfigurationList = A8B3236EB9ECEDA940DF204C /* Build configuration list for PBXNativeTarget "CCCanvas.Hexagon.OC" */;
			buildPhases = (
				62DBE628B5CFB810CEAEF693 /* Sources */,
				D8181A4A357B40D7F675E289 /* Frameworks */,
				B22EC151999E99EC4939BB0F /* Resources */,
			);
			buildRules = (
			);
			dependencies = (
			);
			name = CCCanvas.Hexagon.OC;
			productName = CCCanvas.Hexagon.OC;
			productReference = 2B293457FBBF24E34D9BE91C /* CCCanvas.Hexagon.OC.app */;
			productType = "com.apple.product-type.application";
		};
/* End PBXNativeTarget section */

/* Begin PBXProject section */
		6ED8F68EDF718911848B4C18 /* Project object */ = {
			isa = PBXProject;
			attributes = {
				CLASSPREFIX = CC;
				LastSwiftUpdateCheck = 1240;
				LastUpgradeCheck = 1240;
				ORGANIZATIONNAME = "CC (deng you hua | cworld1000@gmail.com)";
			};
			buildConfigurationList = 1E7AE562EBDD62DA1A95DB99 /* Build configuration list for PBXProject "CCCanvas.Hexagon.OC" */;
			compatibilityVersion = "Xcode 3.2";
			developmentRegion = en;
			hasScannedForEncodings = 0;
			knownRegions = (
				en,
				Base,
			);
			mainGroup = 518E841F5376069AAC1F6972;
			productRefGroup = 89F5F35900AC3C5F7E9F1286 /* Products */;
			projectDirPath = "";
			projectRoot = "";
			targets = (
				1250CEC8E98151B965EFAD99 /* CCCanvas.Hexagon.OC */,
			);
		};
/* End PBXProject section */

/* Begin PBXResourcesBuildPhase section */
		B22EC151999E99EC4939BB0F /* Resources */ = {
			isa = PBXResourcesBuildPhase;
			buildActionMask = 2147483647;
			files = (
			);
			runOnlyForDeploymentPostprocessing = 0;
		};
/* End PBXResourcesBuildPhase section */

/* Begin PBXSourcesBuildPhase section */
		62DBE628B5CFB810CEAEF693 /* Sources */ = {
			isa = PBXSourcesBuildPhase;
			buildActionMask = 2147483647;
			files = (
				B0D4A621B889F881FED52E20 /* AppDelegate.m in Sources */,
				619FF7AC47D22912E1262105 /* SceneDelegate.m in Sources */,
				31F0ED9C0C463F509B8A9AB4 /* ViewController.m in Sources */,
				BDC6CCB52B1D50C63F026ABD /* Main.storyboard in Sources */,
				A905239A0CEC63264CA6CA73 /* Assets.xcassets in Sources */,
				D74ED21E2507054A87152CCB /* LaunchScreen.storyboard in Sources */,
				A98A01FD965B552FE256420F /* main.m in Sources */,
			);
			runOnlyForDeploymentPostprocessing = 0;
		};
/* End PBXSourcesBuildPhase section */

/* Begin XCBuildConfiguration section */
		131B6933E4198E3E1965A2A3 /* Release */ = {
			isa = XCBuildConfiguration;
			buildSettings = {
				ASSETCATALOG_COMPILER_APPICON_NAME = AppIcon;
				ASSETCATALOG_COMPILER_GLOBAL_ACCENT_COLOR_NAME = AccentColor;
				CLANG_ENABLE_OBJC_WEAK = NO;
				CURRENT_PROJECT_VERSION = 1;
				GENERATE_INFOPLIST_FILE = YES;
				INFOPLIST_FILE = CCCanvas.Hexagon.OC/Info.plist;
				INFOPLIST_KEY_UILaunchStoryboardName = LaunchScreen;
				INFOPLIST_KEY_UIMainStoryboardFile = Main;
				INFOPLIST_KEY_UISupportedInterfaceOrientations_iPad = "UIInterfaceOrientationPortrait UIInterfaceOrientationPortraitUpsideDown UIInterfaceOrientationLandscapeLeft UIInterfaceOrientationLandscapeRight";
				INFOPLIST_KEY_UISupportedInterfaceOrientations_iPhone = "UIInterfaceOrientationPortrait UIInterfaceOrientationLandscapeLeft UIInterfaceOrientationLandscapeRight";
				IPHONEOS_DEPLOYMENT_TARGET = 10.0;
				LD_RUNPATH_SEARCH_PATHS = "$(inherited) @executable_path/Frameworks";
				MARKETING_VERSION = 1.0;
				PRODUCT_BUNDLE_IDENTIFIER = "com.cc.CCCanvas-Hexagon.OC";
				SDKROOT = iphoneos;
				TARGETED_DEVICE_FAMILY = "1,2";
				VALIDATE_PRODUCT = YES;
			};
			name = Release;
		};
		15B2DCD8987926693734F7E8 /* Debug */ = {
			isa = XCBuildConfiguration;
			buildSettings = {
				ASSETCATALOG_COMPILER_APPICON_NAME = AppIcon;
				ASSETCATALOG_COMPILER_GLOBAL_ACCENT_COLOR_NAME = AccentColor;
				CLANG_ENABLE_OBJC_WEAK = NO;
				CURRENT_PROJECT_VERSION = 1;
				GENERATE_INFOPLIST_FILE = YES;
				INFOPLIST_FILE = CCCanvas.Hexagon.OC/Info.plist;
				INFOPLIST_KEY_UILaunchStoryboardName = LaunchScreen;
				INFOPLIST_KEY_UIMainStoryboardFile = Main;
				INFOPLIST_KEY_UISupportedInterfaceOrientations_iPad = "UIInterfaceOrientationPortrait UIInterfaceOrientationPortraitUpsideDown UIInterfaceOrientationLandscapeLeft UIInterfaceOrientationLandscapeRight";
				INFOPLIST_KEY_UISupportedInterfaceOrientations_iPhone = "UIInterfaceOrientationPortrait UIInterfaceOrientationLandscapeLeft UIInterfaceOrientationLandscapeRight";
				IPHONEOS_DEPLOYMENT_TARGET = 10.0;
				LD_RUNPATH_SEARCH_PATHS = "$(inherited) @executable_path/Frameworks";
				MARKETING_VERSION = 1.0;
				PRODUCT_BUNDLE_IDENTIFIER = "com.cc.CCCanvas-Hexagon.OC";
				SDKROOT = iphoneos;
				TARGETED_DEVICE_FAMILY = "1,2";
			};
			name = Debug;
		};
		967018572C24BE604DF0001E /* Debug */ = {
			isa = XCBuildConfiguration;
			buildSettings = {
				ALWAYS_SEARCH_USER_PATHS = NO;
				CLANG_ANALYZER_NONNULL = YES;
				CLANG_ANALYZER_NUMBER_OBJECT_CONVERSION = YES_AGGRESSIVE;
				CLANG_CXX_LANGUAGE_STANDARD = "gnu++14";
				CLANG_CXX_LIBRARY = "libc++";
				CLANG_ENABLE_MODULES = YES;
				CLANG_ENABLE_OBJC_ARC = YES;
				CLANG_ENABLE_OBJC_WEAK = YES;
				CLANG_WARN_BLOCK_CAPTURE_AUTORELEASING = YES;
				CLANG_WARN_BOOL_CONVERSION = YES;
				CLANG_WARN_COMMA = YES;
				CLANG_WARN_CONSTANT_CONVERSION = YES;
				CLANG_WARN_DEPRECATED_OBJC_IMPLEMENTATIONS = YES;
				CLANG_WARN_DIRECT_OBJC_ISA_USAGE = YES_ERROR;
				CLANG_WARN_DOCUMENTATION_COMMENTS = YES;
				CLANG_WARN_EMPTY_BODY = YES;
				CLANG_WARN_ENUM_CONVERSION = YES;
				CLANG_WARN_INFINITE_RECURSION = YES;
				CLANG_WARN_INT_CONVERSION = YES;
				CLANG_WARN_NON_LITERAL_NULL_CONVERSION = YES;
				CLANG_WARN_OBJC_IMPLICIT_RETAIN_SELF = YES;
				CLANG_WARN_OBJC_LITERAL_CONVERSION = YES;
				CLANG_WARN_OBJC_ROOT_CLASS = YES_ERROR;
				CLANG_WARN_QUOTED_INCLUDE_IN_FRAMEWORK_HEADER = YES;
				CLANG_WARN_RANGE_LOOP_ANALYSIS = YES;
				CLANG_WARN_STRICT_PROTOTYPES = YES;
				CLANG_WARN_SUSPICIOUS_MOVE = YES;
				CLANG_WARN_UNGUARDED_AVAILABILITY = YES_AGGRESSIVE;
				CLANG_WARN_UNREACHABLE_CODE = YES;
				CLANG_WARN__DUPLICATE_METHOD_MATCH = YES;
				COPY_PHASE_STRIP = NO;
				DEBUG_INFORMATION_FORMAT = dwarf;
				ENABLE_STRICT_OBJC_MSGSEND = YES;
				ENABLE_TESTABILITY = YES;
				GCC_C_LANGUAGE_STANDARD = gnu11;
				GCC_DYNAMIC_NO_PIC = NO;
				GCC_NO_COMMON_BLOCKS = YES;
				GCC_OPTIMIZATION_LEVEL = 0;
				GCC_PREPROCESSOR_DEFINITIONS = (
					"DEBUG=1",
					"$(inherited)",
				);
				GCC_WARN_64_TO_32_BIT_CONVERSION = YES;
				GCC_WARN_ABOUT_RETURN_TYPE = YES_ERROR;
				GCC_WARN_UNDECLARED_SELECTOR = YES;
				GCC_WARN_UNINITIALIZED_AUTOS = YES_AGGRESSIVE;
				GCC_WARN_UNUSED_FUNCTION = YES;
				GCC_WARN_UNUSED_VARIABLE = YES;
				MTL_ENABLE_DEBUG_INFO = INCLUDE_SOURCE;
				MTL_FAST_MATH = YES;
				ONLY_ACTIVE_ARCH = YES;
				PRODUCT_NAME = "$(TARGET_NAME)";
				SWIFT_ACTIVE_COMPILATION_CONDITIONS = DEBUG;
				SWIFT_OPTIMIZATION_LEVEL = "-Onone";
				SWIFT_VERSION = 5.0;
			};
			name = Debug;
		};
		A8077984364043377B64EF23 /* Release */ = {
			isa = XCBuildConfiguration;
			buildSettings = {
				ALWAYS_SEARCH_USER_PATHS = NO;
				CLANG_ANALYZER_NONNULL = YES;
				CLANG_ANALYZER_NUMBER_OBJECT_CONVERSION = YES_AGGRESSIVE;
				CLANG_CXX_LANGUAGE_STANDARD = "gnu++14";
				CLANG_CXX_LIBRARY = "libc++";
				CLANG_ENABLE_MODULES = YES;
				CLANG_ENABLE_OBJC_ARC = YES;
				CLANG_ENABLE_OBJC_WEAK = YES;
				CLANG_WARN_BLOCK_CAPTURE_AUTORELEASING = YES;
				CLANG_WARN_BOOL_CONVERSION = YES;
				CLANG_WARN_COMMA = YES;
				CLANG_WARN_CONSTANT_CONVERSION = YES;
				CLANG_WARN_DEPRECATED_OBJC_IMPLEMENTATIONS = YES;
				CLANG_WARN_DIRECT_OBJC_ISA_USAGE = YES_ERROR;
				CLANG_WARN_DOCUMENTATION_COMMENTS = YES;
				CLANG_WARN_EMPTY_BODY = YES;
				CLANG_WARN_ENUM_CONVERSION = YES;
				CLANG_WARN_INFINITE_RECURSION = YES;
				CLANG_WARN_INT_CONVERSION = YES;
				CLANG_WARN_NON_LITERAL_NULL_CONVERSION = YES;
				CLANG_WARN_OBJC_IMPLICIT_RETAIN_SELF = YES;
				CLANG_WARN_OBJC_LITERAL_CONVERSION = YES;
				CLANG_WARN_OBJC_ROOT_CLASS = YES_ERROR;
				CLANG_WARN_QUOTED_INCLUDE_IN_FRAMEWORK_HEADER = YES;
				CLANG_WARN_RANGE_LOOP_ANALYSIS = YES;
				CLANG_WARN_STRICT_PROTOTYPES = YES;
				CLANG_WARN_SUSPICIOUS_MOVE = YES;
				CLANG_WARN_UNGUARDED_AVAILABILITY = YES_AGGRESSIVE;
				CLANG_WARN_UNREACHABLE_CODE = YES;
				CLANG_WARN__DUPLICATE_METHOD_MATCH = YES;
				COPY_PHASE_STRIP = NO;
				DEBUG_INFORMATION_FORMAT = "dwarf-with-dsym";
				ENABLE_NS_ASSERTIONS = NO;
				ENABLE_STRICT_OBJC_MSGSEND = YES;
				GCC_C_LANGUAGE_STANDARD = gnu11;
				GCC_NO_COMMON_BLOCKS = YES;
				GCC_WARN_64_TO_32_BIT_CONVERSION = YES;
				GCC_WARN_ABOUT_RETURN_TYPE = YES_ERROR;
				GCC_WARN_UNDECLARED_SELECTOR = YES;
				GCC_WARN_UNINITIALIZED_AUTOS = YES_AGGRESSIVE;
				GCC_WARN_UNUSED_FUNCTION = YES;
				GCC_WARN_UNUSED_VARIABLE = YES;
				MTL_ENABLE_DEBUG_INFO = NO;
				MTL_FAST_MATH = YES;
				PRODUCT_NAME = "$(TARGET_NAME)";
				SWIFT_COMPILATION_MODE = wholemodule;
				SWIFT_OPTIMIZATION_LEVEL = "-O";
				SWIFT_VERSION = 5.0;
			};
			name = Release;
		};
/* End XCBuildConfiguration section */

/* Begin XCConfigurationList section */
		1E7AE562EBDD62DA1A95DB99 /* Build configuration list for PBXProject "CCCanvas.Hexagon.OC" */ = {
			isa = XCConfigurationList;
			buildConfigurations = (
				967018572C24BE604DF0001E /* Debug */,
				A8077984364043377B64EF23 /* Release */,
			);
			defaultConfigurationIsVisible = 0;
			defaultConfigurationName = Release;
		};
		A8B3236EB9ECEDA940DF204C /* Build configuration list for PBXNativeTarget "CCCanvas.Hexagon.OC" */ = {
			isa = XCConfigurationList;
			buildConfigurations = (
				131B6933E4198E3E1965A2A3 /* Release */,
				15B2DCD8987926693734F7E8 /* Debug */,
			);
			defaultConfigurationIsVisible = 0;
			defaultConfigurationName = Release;
		};
/* End XCConfigurationList section */
	};
	rootObject = 6ED8F68EDF718911848B4C18 /* Project object */;
}
