// !$*UTF8*$!
{
	archiveVersion = 1;
	classes = {
	};
	objectVersion = 46;
	objects = {

/* Begin PBXBuildFile section */
		4F3DF9F262CD39D24BEF342A /* Assets.xcassets in Sources */ = {isa = PBXBuildFile; fileRef = 4B1AE5809A50F095DAF94BE0 /* Assets.xcassets */; };
		565297EBDBF4A12EB540D08B /* SceneDelegate.swift in Sources */ = {isa = PBXBuildFile; fileRef = E282D64DA170D85B3A3C7D8A /* SceneDelegate.swift */; };
		67ED900184A9D050907A74B9 /* ViewController.swift in Sources */ = {isa = PBXBuildFile; fileRef = 5051B4E70508559D4A85C09F /* ViewController.swift */; };
		748575A3E31599227B90DEB8 /* Main.storyboard in Sources */ = {isa = PBXBuildFile; fileRef = 5AB6C9F55C2D5D97BEFA2554 /* Main.storyboard */; };
		9BCE6169A1EFE47F37FCE06A /* Foundation.framework in Frameworks */ = {isa = PBXBuildFile; fileRef = 3752F84EA491AE857E46F017 /* Foundation.framework */; };
		B18A09B58D1E6232C1310690 /* LaunchScreen.storyboard in Sources */ = {isa = PBXBuildFile; fileRef = E1DF39CA9047385F8C6FC653 /* LaunchScreen.storyboard */; };
		B6495D3B0641C551694445F9 /* AppDelegate.swift in Sources */ = {isa = PBXBuildFile; fileRef = 0B52ACF1C934C9A074E96584 /* AppDelegate.swift */; };
/* End PBXBuildFile section */

/* Begin PBXFileReference section */
		0B52ACF1C934C9A074E96584 /* AppDelegate.swift */ = {isa = PBXFileReference; includeInIndex = 1; lastKnownFileType = sourcecode.swift; path = AppDelegate.swift; sourceTree = "<group>"; };
		3752F84EA491AE857E46F017 /* Foundation.framework */ = {isa = PBXFileReference; lastKnownFileType = wrapper.framework; name = Foundation.framework; path = Platforms/iPhoneOS.platform/Developer/SDKs/iPhoneOS14.0.sdk/System/Library/Frameworks/Foundation.framework; sourceTree = DEVELOPER_DIR; };
		4B1AE5809A50F095DAF94BE0 /* Assets.xcassets */ = {isa = PBXFileReference; includeInIndex = 1; lastKnownFileType = folder.assetcatalog; path = Assets.xcassets; sourceTree = "<group>"; };
		5051B4E70508559D4A85C09F /* ViewController.swift */ = {isa = PBXFileReference; includeInIndex = 1; lastKnownFileType = sourcecode.swift; path = ViewController.swift; sourceTree = "<group>"; };
		5AB6C9F55C2D5D97BEFA2554 /* Main.storyboard */ = {isa = PBXFileReference; includeInIndex = 1; lastKnownFileType = file.storyboard; name = Main.storyboard; path = Base.lproj/Main.storyboard; sourceTree = "<group>"; };
		B5CC8444C18A57E206846A8B /* CCCanvas.Hexagon.Swift.app */ = {isa = PBXFileReference; explicitFileType = wrapper.application; includeInIndex = 0; path = CCCanvas.Hexagon.Swift.app; sourceTree = BUILT_PRODUCTS_DIR; };
		E1DF39CA9047385F8C6FC653 /* LaunchScreen.storyboard */ = {isa = PBXFileReference; includeInIndex = 1; lastKnownFileType = file.storyboard; name = LaunchScreen.storyboard; path = Base.lproj/LaunchScreen.storyboard; sourceTree = "<group>"; };
		E282D64DA170D85B3A3C7D8A /* SceneDelegate.swift */ = {isa = PBXFileReference; includeInIndex = 1; lastKnownFileType = sourcecode.swift; path = SceneDelegate.swift; sourceTree = "<group>"; };
		EFA766A012BD403DFC500C94 /* Info.plist */ = {isa = PBXFileReference; includeInIndex = 1; lastKnownFileType = text.plist.xml; path = Info.plist; sourceTree = "<group>"; };
/* End PBXFileReference section */

/* Begin PBXFrameworksBuildPhase section */
		06C9E4D9676B82E3A91C6AAE /* Frameworks */ = {
			isa = PBXFrameworksBuildPhase;
			buildActionMask = 2147483647;
			files = (
				9BCE6169A1EFE47F37FCE06A /* Foundation.framework in Frameworks */,
			);
			runOnlyForDeploymentPostprocessing = 0;
		};
/* End PBXFrameworksBuildPhase section */

/* Begin PBXGroup section */
		B62D0D6286BF9C3F957498BD /* iOS */ = {
			isa = PBXGroup;
			children = (
				3752F84EA491AE857E46F017 /* Foundation.framework */,
			);
			name = iOS;
			sourceTree = "<group>";
		};
		C5C0051063508CB168806BD1 /* Products */ = {
			isa = PBXGroup;
			children = (
				B5CC8444C18A57E206846A8B /* CCCanvas.Hexagon.Swift.app */,
			);
			name = Products;
			sourceTree = "<group>";
		};
		E67BE96236EF3AE6A49BAADF /* CCCanvas.Hexagon.Swift */ = {
			isa = PBXGroup;
			children = (
				0B52ACF1C934C9A074E96584 /* AppDelegate.swift */,
				E282D64DA170D85B3A3C7D8A /* SceneDelegate.swift */,
				5051B4E70508559D4A85C09F /* ViewController.swift */,
				5AB6C9F55C2D5D97BEFA2554 /* Main.storyboard */,
				4B1AE5809A50F095DAF94BE0 /* Assets.xcassets */,
				E1DF39CA9047385F8C6FC653 /* LaunchScreen.storyboard */,
				EFA766A012BD403DFC500C94 /* Info.plist */,
			);
			name = CCCanvas.Hexagon.Swift;
			path = CCCanvas.Hexagon.Swift;
			sourceTree = "<group>";
		};
		E7B0F5EF911E0390F24D2B2B = {
			isa = PBXGroup;
			children = (
				C5C0051063508CB168806BD1 /* Products */,
				E7CBD83EBC907C626DFBA80A /* Frameworks */,
				E67BE96236EF3AE6A49BAADF /* CCCanvas.Hexagon.Swift */,
			);
			sourceTree = "<group>";
		};
		E7CBD83EBC907C626DFBA80A /* Frameworks */ = {
			isa = PBXGroup;
			children = (
				B62D0D6286BF9C3F957498BD /* iOS */,
			);
			name = Frameworks;
			sourceTree = "<group>";
		};
/* End PBXGroup section */

/* Begin PBXNativeTarget section */
		495189DCB28709D4E3796FC1 /* CCCanvas.Hexagon.Swift */ = {
			isa = PBXNativeTarget;
			buildConfigurationList = 901086C3EE9DB15A58FA908B /* Build configuration list for PBXNativeTarget "CCCanvas.Hexagon.Swift" */;
			buildPhases = (
				CE26B47380A36A030F116DF8 /* Sources */,
				06C9E4D9676B82E3A91C6AAE /* Frameworks */,
				EF6DA202AFFB7DA96F8C7452 /* Resources */,
			);
			buildRules = (
			);
			dependencies = (
			);
			name = CCCanvas.Hexagon.Swift;
			productName = CCCanvas.Hexagon.Swift;
			productReference = B5CC8444C18A57E206846A8B /* CCCanvas.Hexagon.Swift.app */;
			productType = "com.apple.product-type.application";
		};
/* End PBXNativeTarget section */

/* Begin PBXProject section */
		98C7A31E69438BDDEBD7E384 /* Project object */ = {
			isa = PBXProject;
			attributes = {
				CLASSPREFIX = CC;
				LastSwiftUpdateCheck = 1300;
				LastUpgradeCheck = 1300;
				ORGANIZATIONNAME = "CC (deng you hua | cworld1000@gmail.com)";
			};
			buildConfigurationList = 74BD65DF1EC4DDEE90DAB21B /* Build configuration list for PBXProject "CCCanvas.Hexagon.Swift" */;
			compatibilityVersion = "Xcode 3.2";
			developmentRegion = en;
			hasScannedForEncodings = 0;
			knownRegions = (
				en,
				Base,
			);
			mainGroup = E7B0F5EF911E0390F24D2B2B;
			productRefGroup = C5C0051063508CB168806BD1 /* Products */;
			projectDirPath = "";
			projectRoot = "";
			targets = (
				495189DCB28709D4E3796FC1 /* CCCanvas.Hexagon.Swift */,
			);
		};
/* End PBXProject section */

/* Begin PBXResourcesBuildPhase section */
		EF6DA202AFFB7DA96F8C7452 /* Resources */ = {
			isa = PBXResourcesBuildPhase;
			buildActionMask = 2147483647;
			files = (
			);
			runOnlyForDeploymentPostprocessing = 0;
		};
/* End PBXResourcesBuildPhase section */

/* Begin PBXSourcesBuildPhase section */
		CE26B47380A36A030F116DF8 /* Sources */ = {
			isa = PBXSourcesBuildPhase;
			buildActionMask = 2147483647;
			files = (
				B6495D3B0641C551694445F9 /* AppDelegate.swift in Sources */,
				565297EBDBF4A12EB540D08B /* SceneDelegate.swift in Sources */,
				67ED900184A9D050907A74B9 /* ViewController.swift in Sources */,
				748575A3E31599227B90DEB8 /* Main.storyboard in Sources */,
				4F3DF9F262CD39D24BEF342A /* Assets.xcassets in Sources */,
				B18A09B58D1E6232C1310690 /* LaunchScreen.storyboard in Sources */,
			);
			runOnlyForDeploymentPostprocessing = 0;
		};
/* End PBXSourcesBuildPhase section */

/* Begin XCBuildConfiguration section */
		751918FF8AEBD2849AB51559 /* Debug */ = {
			isa = XCBuildConfiguration;
			buildSettings = {
				ASSETCATALOG_COMPILER_APPICON_NAME = AppIcon;
				ASSETCATALOG_COMPILER_GLOBAL_ACCENT_COLOR_NAME = AccentColor;
				CLANG_ENABLE_OBJC_WEAK = NO;
				CURRENT_PROJECT_VERSION = 1;
				GENERATE_INFOPLIST_FILE = YES;
				INFOPLIST_FILE = CCCanvas.Hexagon.Swift/Info.plist;
				INFOPLIST_KEY_UILaunchStoryboardName = LaunchScreen;
				INFOPLIST_KEY_UIMainStoryboardFile = Main;
				INFOPLIST_KEY_UISupportedInterfaceOrientations_iPad = "UIInterfaceOrientationPortrait UIInterfaceOrientationPortraitUpsideDown UIInterfaceOrientationLandscapeLeft UIInterfaceOrientationLandscapeRight";
				INFOPLIST_KEY_UISupportedInterfaceOrientations_iPhone = "UIInterfaceOrientationPortrait UIInterfaceOrientationLandscapeLeft UIInterfaceOrientationLandscapeRight";
				IPHONEOS_DEPLOYMENT_TARGET = 10.0;
				LD_RUNPATH_SEARCH_PATHS = "$(inherited) @executable_path/Frameworks";
				MARKETING_VERSION = 1.0;
				PRODUCT_BUNDLE_IDENTIFIER = "com.cc.CCCanvas-Hexagon.Swift";
				SDKROOT = iphoneos;
				SWIFT_VERSION = 5.0;
				TARGETED_DEVICE_FAMILY = "1,2";
			};
			name = Debug;
		};
		C2614D8CCB9CD4C827D7A2AC /* Release */ = {
			isa = XCBuildConfiguration;
			buildSettings = {
				ASSETCATALOG_COMPILER_APPICON_NAME = AppIcon;
				ASSETCATALOG_COMPILER_GLOBAL_ACCENT_COLOR_NAME = AccentColor;
				CLANG_ENABLE_OBJC_WEAK = NO;
				CURRENT_PROJECT_VERSION = 1;
				GENERATE_INFOPLIST_FILE = YES;
				INFOPLIST_FILE = CCCanvas.Hexagon.Swift/Info.plist;
				INFOPLIST_KEY_UILaunchStoryboardName = LaunchScreen;
				INFOPLIST_KEY_UIMainStoryboardFile = Main;
				INFOPLIST_KEY_UISupportedInterfaceOrientations_iPad = "UIInterfaceOrientationPortrait UIInterfaceOrientationPortraitUpsideDown UIInterfaceOrientationLandscapeLeft UIInterfaceOrientationLandscapeRight";
				INFOPLIST_KEY_UISupportedInterfaceOrientations_iPhone = "UIInterfaceOrientationPortrait UIInterfaceOrientationLandscapeLeft UIInterfaceOrientationLandscapeRight";
				IPHONEOS_DEPLOYMENT_TARGET = 10.0;
				LD_RUNPATH_SEARCH_PATHS = "$(inherited) @executable_path/Frameworks";
				MARKETING_VERSION = 1.0;
				PRODUCT_BUNDLE_IDENTIFIER = "com.cc.CCCanvas-Hexagon.Swift";
				SDKROOT = iphoneos;
				SWIFT_VERSION = 5.0;
				TARGETED_DEVICE_FAMILY = "1,2";
				VALIDATE_PRODUCT = YES;
			};
			name = Release;
		};
		E01403943D286263812964B9 /* Release */ = {
			isa = XCBuildConfiguration;
			buildSettings = {
				ALWAYS_SEARCH_USER_PATHS = NO;
				CLANG_ANALYZER_NONNULL = YES;
				CLANG_ANALYZER_NUMBER_OBJECT_CONVERSION = YES_AGGRESSIVE;
				CLANG_CXX_LANGUAGE_STANDARD = "gnu++14";
				CLANG_CXX_LIBRARY = "libc++";
				CLANG_ENABLE_MODULES = YES;
				CLANG_ENABLE_OBJC_ARC = YES;
				CLANG_ENABLE_OBJC_WEAK = YES;
				CLANG_WARN_BLOCK_CAPTURE_AUTORELEASING = YES;
				CLANG_WARN_BOOL_CONVERSION = YES;
				CLANG_WARN_COMMA = YES;
				CLANG_WARN_CONSTANT_CONVERSION = YES;
				CLANG_WARN_DEPRECATED_OBJC_IMPLEMENTATIONS = YES;
				CLANG_WARN_DIRECT_OBJC_ISA_USAGE = YES_ERROR;
				CLANG_WARN_DOCUMENTATION_COMMENTS = YES;
				CLANG_WARN_EMPTY_BODY = YES;
				CLANG_WARN_ENUM_CONVERSION = YES;
				CLANG_WARN_INFINITE_RECURSION = YES;
				CLANG_WARN_INT_CONVERSION = YES;
				CLANG_WARN_NON_LITERAL_NULL_CONVERSION = YES;
				CLANG_WARN_OBJC_IMPLICIT_RETAIN_SELF = YES;
				CLANG_WARN_OBJC_LITERAL_CONVERSION = YES;
				CLANG_WARN_OBJC_ROOT_CLASS = YES_ERROR;
				CLANG_WARN_QUOTED_INCLUDE_IN_FRAMEWORK_HEADER = YES;
				CLANG_WARN_RANGE_LOOP_ANALYSIS = YES;
				CLANG_WARN_STRICT_PROTOTYPES = YES;
				CLANG_WARN_SUSPICIOUS_MOVE = YES;
				CLANG_WARN_UNGUARDED_AVAILABILITY = YES_AGGRESSIVE;
				CLANG_WARN_UNREACHABLE_CODE = YES;
				CLANG_WARN__DUPLICATE_METHOD_MATCH = YES;
				COPY_PHASE_STRIP = NO;
				DEBUG_INFORMATION_FORMAT = "dwarf-with-dsym";
				ENABLE_NS_ASSERTIONS = NO;
				ENABLE_STRICT_OBJC_MSGSEND = YES;
				GCC_C_LANGUAGE_STANDARD = gnu11;
				GCC_NO_COMMON_BLOCKS = YES;
				GCC_WARN_64_TO_32_BIT_CONVERSION = YES;
				GCC_WARN_ABOUT_RETURN_TYPE = YES_ERROR;
				GCC_WARN_UNDECLARED_SELECTOR = YES;
				GCC_WARN_UNINITIALIZED_AUTOS = YES_AGGRESSIVE;
				GCC_WARN_UNUSED_FUNCTION = YES;
				GCC_WARN_UNUSED_VARIABLE = YES;
				MTL_ENABLE_DEBUG_INFO = NO;
				MTL_FAST_MATH = YES;
				PRODUCT_NAME = "$(TARGET_NAME)";
				SWIFT_COMPILATION_MODE = wholemodule;
				SWIFT_OPTIMIZATION_LEVEL = "-O";
				SWIFT_VERSION = 5.0;
			};
			name = Release;
		};
		ED169F0CF4794BEBB1B8FD86 /* Debug */ = {
			isa = XCBuildConfiguration;
			buildSettings = {
				ALWAYS_SEARCH_USER_PATHS = NO;
				CLANG_ANALYZER_NONNULL = YES;
				CLANG_ANALYZER_NUMBER_OBJECT_CONVERSION = YES_AGGRESSIVE;
				CLANG_CXX_LANGUAGE_STANDARD = "gnu++14";
				CLANG_CXX_LIBRARY = "libc++";
				CLANG_ENABLE_MODULES = YES;
				CLANG_ENABLE_OBJC_ARC = YES;
				CLANG_ENABLE_OBJC_WEAK = YES;
				CLANG_WARN_BLOCK_CAPTURE_AUTORELEASING = YES;
				CLANG_WARN_BOOL_CONVERSION = YES;
				CLANG_WARN_COMMA = YES;
				CLANG_WARN_CONSTANT_CONVERSION = YES;
				CLANG_WARN_DEPRECATED_OBJC_IMPLEMENTATIONS = YES;
				CLANG_WARN_DIRECT_OBJC_ISA_USAGE = YES_ERROR;
				CLANG_WARN_DOCUMENTATION_COMMENTS = YES;
				CLANG_WARN_EMPTY_BODY = YES;
				CLANG_WARN_ENUM_CONVERSION = YES;
				CLANG_WARN_INFINITE_RECURSION = YES;
				CLANG_WARN_INT_CONVERSION = YES;
				CLANG_WARN_NON_LITERAL_NULL_CONVERSION = YES;
				CLANG_WARN_OBJC_IMPLICIT_RETAIN_SELF = YES;
				CLANG_WARN_OBJC_LITERAL_CONVERSION = YES;
				CLANG_WARN_OBJC_ROOT_CLASS = YES_ERROR;
				CLANG_WARN_QUOTED_INCLUDE_IN_FRAMEWORK_HEADER = YES;
				CLANG_WARN_RANGE_LOOP_ANALYSIS = YES;
				CLANG_WARN_STRICT_PROTOTYPES = YES;
				CLANG_WARN_SUSPICIOUS_MOVE = YES;
				CLANG_WARN_UNGUARDED_AVAILABILITY = YES_AGGRESSIVE;
				CLANG_WARN_UNREACHABLE_CODE = YES;
				CLANG_WARN__DUPLICATE_METHOD_MATCH = YES;
				COPY_PHASE_STRIP = NO;
				DEBUG_INFORMATION_FORMAT = dwarf;
				ENABLE_STRICT_OBJC_MSGSEND = YES;
				ENABLE_TESTABILITY = YES;
				GCC_C_LANGUAGE_STANDARD = gnu11;
				GCC_DYNAMIC_NO_PIC = NO;
				GCC_NO_COMMON_BLOCKS = YES;
				GCC_OPTIMIZATION_LEVEL = 0;
				GCC_PREPROCESSOR_DEFINITIONS = (
					"DEBUG=1",
					"$(inherited)",
				);
				GCC_WARN_64_TO_32_BIT_CONVERSION = YES;
				GCC_WARN_ABOUT_RETURN_TYPE = YES_ERROR;
				GCC_WARN_UNDECLARED_SELECTOR = YES;
				GCC_WARN_UNINITIALIZED_AUTOS = YES_AGGRESSIVE;
				GCC_WARN_UNUSED_FUNCTION = YES;
				GCC_WARN_UNUSED_VARIABLE = YES;
				MTL_ENABLE_DEBUG_INFO = INCLUDE_SOURCE;
				MTL_FAST_MATH = YES;
				ONLY_ACTIVE_ARCH = YES;
				PRODUCT_NAME = "$(TARGET_NAME)";
				SWIFT_ACTIVE_COMPILATION_CONDITIONS = DEBUG;
				SWIFT_OPTIMIZATION_LEVEL = "-Onone";
				SWIFT_VERSION = 5.0;
			};
			name = Debug;
		};
/* End XCBuildConfiguration section */

/* Begin XCConfigurationList section */
		74BD65DF1EC4DDEE90DAB21B /* Build configuration list for PBXProject "CCCanvas.Hexagon.Swift" */ = {
			isa = XCConfigurationList;
			buildConfigurations = (
				ED169F0CF4794BEBB1B8FD86 /* Debug */,
				E01403943D286263812964B9 /* Release */,
			);
			defaultConfigurationIsVisible = 0;
			defaultConfigurationName = Release;
		};
		901086C3EE9DB15A58FA908B /* Build configuration list for PBXNativeTarget "CCCanvas.Hexagon.Swift" */ = {
			isa = XCConfigurationList;
			buildConfigurations = (
				C2614D8CCB9CD4C827D7A2AC /* Release */,
				751918FF8AEBD2849AB51559 /* Debug */,
			);
			defaultConfigurationIsVisible = 0;
			defaultConfigurationName = Release;
		};
/* End XCConfigurationList section */
	};
	rootObject = 98C7A31E69438BDDEBD7E384 /* Project object */;
}
